# Generated by pub
# See http://pub.dartlang.org/doc/glossary.html#lockfile

{"packages":{"browser":{"version":"0.4.7+1","source":"hosted","description":"browser"},"vector_math":{"version":"1.1.0","source":"git","description":{"url":"https://github.com/johnmccutchan/vector_math.git","ref":null,"resolved-ref":"01c3a3c26dde029f644fddd9600986527fc9b363"}}}}
